// !$*UTF8*$!
{
	archiveVersion = 1;
	classes = {
	};
	objectVersion = 56;
	objects = {

/* Begin PBXBuildFile section */
		CE6535462B10493B007B076D /* ImagesListViewController.swift in Sources */ = {isa = PBXBuildFile; fileRef = CE6535272B10493B007B076D /* ImagesListViewController.swift */; };
		CE6535472B10493B007B076D /* ImagesListCell.swift in Sources */ = {isa = PBXBuildFile; fileRef = CE6535282B10493B007B076D /* ImagesListCell.swift */; };
		CE6535492B10493B007B076D /* SplashViewController.swift in Sources */ = {isa = PBXBuildFile; fileRef = CE65352B2B10493B007B076D /* SplashViewController.swift */; };
		CE65354A2B10493B007B076D /* SingleImageViewController.swift in Sources */ = {isa = PBXBuildFile; fileRef = CE65352D2B10493B007B076D /* SingleImageViewController.swift */; };
		CE65354B2B10493B007B076D /* OAuth2Service.swift in Sources */ = {isa = PBXBuildFile; fileRef = CE65352F2B10493B007B076D /* OAuth2Service.swift */; };
		CE65354C2B10493B007B076D /* OAuthTokenResponseBody.swift in Sources */ = {isa = PBXBuildFile; fileRef = CE6535302B10493B007B076D /* OAuthTokenResponseBody.swift */; };
		CE65354D2B10493B007B076D /* OAuth2TokenStorage.swift in Sources */ = {isa = PBXBuildFile; fileRef = CE6535312B10493B007B076D /* OAuth2TokenStorage.swift */; };
		CE65354E2B10493B007B076D /* AuthViewController.swift in Sources */ = {isa = PBXBuildFile; fileRef = CE6535332B10493B007B076D /* AuthViewController.swift */; };
		CE65354F2B10493B007B076D /* WebViewController.swift in Sources */ = {isa = PBXBuildFile; fileRef = CE6535342B10493B007B076D /* WebViewController.swift */; };
		CE6535502B10493B007B076D /* SF Pro Display-Regular.ttf in Resources */ = {isa = PBXBuildFile; fileRef = CE6535362B10493B007B076D /* SF Pro Display-Regular.ttf */; };
		CE6535512B10493B007B076D /* Assets.xcassets in Resources */ = {isa = PBXBuildFile; fileRef = CE6535372B10493B007B076D /* Assets.xcassets */; };
		CE6535522B10493B007B076D /* LaunchScreen.storyboard in Resources */ = {isa = PBXBuildFile; fileRef = CE6535382B10493B007B076D /* LaunchScreen.storyboard */; };
		CE6535532B10493B007B076D /* SF Pro Display-Bold.ttf in Resources */ = {isa = PBXBuildFile; fileRef = CE65353A2B10493B007B076D /* SF Pro Display-Bold.ttf */; };
		CE6535542B10493B007B076D /* Assets.xcassets in Resources */ = {isa = PBXBuildFile; fileRef = CE65353B2B10493B007B076D /* Assets.xcassets */; };
		CE6535552B10493B007B076D /* Main.storyboard in Resources */ = {isa = PBXBuildFile; fileRef = CE65353C2B10493B007B076D /* Main.storyboard */; };
		CE6535562B10493B007B076D /* ProfileViewController.swift in Sources */ = {isa = PBXBuildFile; fileRef = CE65353F2B10493B007B076D /* ProfileViewController.swift */; };
		CE6535582B10493B007B076D /* Constants.swift in Sources */ = {isa = PBXBuildFile; fileRef = CE6535422B10493B007B076D /* Constants.swift */; };
		CE6535592B10493B007B076D /* UIColor+Extensions.swift in Sources */ = {isa = PBXBuildFile; fileRef = CE6535432B10493B007B076D /* UIColor+Extensions.swift */; };
		CED671EC2AC1C74E0065715D /* Assets.xcassets in Resources */ = {isa = PBXBuildFile; fileRef = CED671EB2AC1C74E0065715D /* Assets.xcassets */; };
		CED671EF2AC1C74E0065715D /* LaunchScreen.storyboard in Resources */ = {isa = PBXBuildFile; fileRef = CED671ED2AC1C74E0065715D /* LaunchScreen.storyboard */; };
/* End PBXBuildFile section */

/* Begin PBXFileReference section */
		CE6535272B10493B007B076D /* ImagesListViewController.swift */ = {isa = PBXFileReference; fileEncoding = 4; lastKnownFileType = sourcecode.swift; path = ImagesListViewController.swift; sourceTree = "<group>"; };
		CE6535282B10493B007B076D /* ImagesListCell.swift */ = {isa = PBXFileReference; fileEncoding = 4; lastKnownFileType = sourcecode.swift; path = ImagesListCell.swift; sourceTree = "<group>"; };
		CE65352B2B10493B007B076D /* SplashViewController.swift */ = {isa = PBXFileReference; fileEncoding = 4; lastKnownFileType = sourcecode.swift; path = SplashViewController.swift; sourceTree = "<group>"; };
		CE65352D2B10493B007B076D /* SingleImageViewController.swift */ = {isa = PBXFileReference; fileEncoding = 4; lastKnownFileType = sourcecode.swift; path = SingleImageViewController.swift; sourceTree = "<group>"; };
		CE65352F2B10493B007B076D /* OAuth2Service.swift */ = {isa = PBXFileReference; fileEncoding = 4; lastKnownFileType = sourcecode.swift; path = OAuth2Service.swift; sourceTree = "<group>"; };
		CE6535302B10493B007B076D /* OAuthTokenResponseBody.swift */ = {isa = PBXFileReference; fileEncoding = 4; lastKnownFileType = sourcecode.swift; path = OAuthTokenResponseBody.swift; sourceTree = "<group>"; };
		CE6535312B10493B007B076D /* OAuth2TokenStorage.swift */ = {isa = PBXFileReference; fileEncoding = 4; lastKnownFileType = sourcecode.swift; path = OAuth2TokenStorage.swift; sourceTree = "<group>"; };
		CE6535332B10493B007B076D /* AuthViewController.swift */ = {isa = PBXFileReference; fileEncoding = 4; lastKnownFileType = sourcecode.swift; path = AuthViewController.swift; sourceTree = "<group>"; };
		CE6535342B10493B007B076D /* WebViewController.swift */ = {isa = PBXFileReference; fileEncoding = 4; lastKnownFileType = sourcecode.swift; path = WebViewController.swift; sourceTree = "<group>"; };
		CE6535362B10493B007B076D /* SF Pro Display-Regular.ttf */ = {isa = PBXFileReference; lastKnownFileType = file; path = "SF Pro Display-Regular.ttf"; sourceTree = "<group>"; };
		CE6535372B10493B007B076D /* Assets.xcassets */ = {isa = PBXFileReference; lastKnownFileType = folder.assetcatalog; path = Assets.xcassets; sourceTree = "<group>"; };
		CE6535392B10493B007B076D /* Base */ = {isa = PBXFileReference; lastKnownFileType = file.storyboard; name = Base; path = Base.lproj/LaunchScreen.storyboard; sourceTree = "<group>"; };
		CE65353A2B10493B007B076D /* SF Pro Display-Bold.ttf */ = {isa = PBXFileReference; lastKnownFileType = file; path = "SF Pro Display-Bold.ttf"; sourceTree = "<group>"; };
		CE65353B2B10493B007B076D /* Assets.xcassets */ = {isa = PBXFileReference; lastKnownFileType = folder.assetcatalog; path = Assets.xcassets; sourceTree = "<group>"; };
		CE65353D2B10493B007B076D /* Base */ = {isa = PBXFileReference; lastKnownFileType = file.storyboard; name = Base; path = Base.lproj/Main.storyboard; sourceTree = "<group>"; };
		CE65353F2B10493B007B076D /* ProfileViewController.swift */ = {isa = PBXFileReference; fileEncoding = 4; lastKnownFileType = sourcecode.swift; path = ProfileViewController.swift; sourceTree = "<group>"; };
		CE6535422B10493B007B076D /* Constants.swift */ = {isa = PBXFileReference; fileEncoding = 4; lastKnownFileType = sourcecode.swift; path = Constants.swift; sourceTree = "<group>"; };
		CE6535432B10493B007B076D /* UIColor+Extensions.swift */ = {isa = PBXFileReference; fileEncoding = 4; lastKnownFileType = sourcecode.swift; path = "UIColor+Extensions.swift"; sourceTree = "<group>"; };
		CED671DF2AC1C74B0065715D /* camelGram.app */ = {isa = PBXFileReference; explicitFileType = wrapper.application; includeInIndex = 0; path = camelGram.app; sourceTree = BUILT_PRODUCTS_DIR; };
		CED671EB2AC1C74E0065715D /* Assets.xcassets */ = {isa = PBXFileReference; lastKnownFileType = folder.assetcatalog; path = Assets.xcassets; sourceTree = "<group>"; };
		CED671EE2AC1C74E0065715D /* Base */ = {isa = PBXFileReference; lastKnownFileType = file.storyboard; name = Base; path = Base.lproj/LaunchScreen.storyboard; sourceTree = "<group>"; };
		CED671F02AC1C74E0065715D /* Info.plist */ = {isa = PBXFileReference; lastKnownFileType = text.plist.xml; path = Info.plist; sourceTree = "<group>"; };
/* End PBXFileReference section */

/* Begin PBXFrameworksBuildPhase section */
		CED671DC2AC1C74B0065715D /* Frameworks */ = {
			isa = PBXFrameworksBuildPhase;
			buildActionMask = 2147483647;
			files = (
			);
			runOnlyForDeploymentPostprocessing = 0;
		};
/* End PBXFrameworksBuildPhase section */

/* Begin PBXGroup section */
		CE6535262B10493B007B076D /* ImageList */ = {
			isa = PBXGroup;
			children = (
				CE6535272B10493B007B076D /* ImagesListViewController.swift */,
				CE6535282B10493B007B076D /* ImagesListCell.swift */,
			);
			path = ImageList;
			sourceTree = "<group>";
		};
		CE65352A2B10493B007B076D /* SplashViewController */ = {
			isa = PBXGroup;
			children = (
				CE65352B2B10493B007B076D /* SplashViewController.swift */,
			);
			path = SplashViewController;
			sourceTree = "<group>";
		};
		CE65352C2B10493B007B076D /* SingleImageView */ = {
			isa = PBXGroup;
			children = (
				CE65352D2B10493B007B076D /* SingleImageViewController.swift */,
			);
			path = SingleImageView;
			sourceTree = "<group>";
		};
		CE65352E2B10493B007B076D /* OAuth */ = {
			isa = PBXGroup;
			children = (
				CE65352F2B10493B007B076D /* OAuth2Service.swift */,
				CE6535302B10493B007B076D /* OAuthTokenResponseBody.swift */,
				CE6535312B10493B007B076D /* OAuth2TokenStorage.swift */,
			);
			path = OAuth;
			sourceTree = "<group>";
		};
		CE6535322B10493B007B076D /* Auth */ = {
			isa = PBXGroup;
			children = (
				CE6535332B10493B007B076D /* AuthViewController.swift */,
				CE6535342B10493B007B076D /* WebViewController.swift */,
			);
			path = Auth;
			sourceTree = "<group>";
		};
		CE6535352B10493B007B076D /* Resources */ = {
			isa = PBXGroup;
			children = (
				CE6535362B10493B007B076D /* SF Pro Display-Regular.ttf */,
				CE6535372B10493B007B076D /* Assets.xcassets */,
				CE6535382B10493B007B076D /* LaunchScreen.storyboard */,
				CE65353A2B10493B007B076D /* SF Pro Display-Bold.ttf */,
			);
			path = Resources;
			sourceTree = "<group>";
		};
		CE65353E2B10493B007B076D /* Profile */ = {
			isa = PBXGroup;
			children = (
				CE65353F2B10493B007B076D /* ProfileViewController.swift */,
			);
			path = Profile;
			sourceTree = "<group>";
		};
		CE6535412B10493B007B076D /* Helper */ = {
			isa = PBXGroup;
			children = (
				CE6535422B10493B007B076D /* Constants.swift */,
				CE6535432B10493B007B076D /* UIColor+Extensions.swift */,
			);
			path = Helper;
			sourceTree = "<group>";
		};
		CED671D62AC1C74B0065715D = {
			isa = PBXGroup;
			children = (
				CED671E12AC1C74B0065715D /* camelGram */,
				CED671E02AC1C74B0065715D /* Products */,
			);
			sourceTree = "<group>";
		};
		CED671E02AC1C74B0065715D /* Products */ = {
			isa = PBXGroup;
			children = (
				CED671DF2AC1C74B0065715D /* camelGram.app */,
			);
			name = Products;
			sourceTree = "<group>";
		};
		CED671E12AC1C74B0065715D /* camelGram */ = {
			isa = PBXGroup;
			children = (
				CE6535262B10493B007B076D /* ImageList */,
				CE65352A2B10493B007B076D /* SplashViewController */,
				CE65352C2B10493B007B076D /* SingleImageView */,
				CE65352E2B10493B007B076D /* OAuth */,
				CE6535322B10493B007B076D /* Auth */,
				CE6535352B10493B007B076D /* Resources */,
				CE65353C2B10493B007B076D /* Main.storyboard */,
				CED671EB2AC1C74E0065715D /* Assets.xcassets */,
				CE65353B2B10493B007B076D /* Assets.xcassets */,
				CE65353E2B10493B007B076D /* Profile */,
				CE6535412B10493B007B076D /* Helper */,
				CED671ED2AC1C74E0065715D /* LaunchScreen.storyboard */,
				CED671F02AC1C74E0065715D /* Info.plist */,
			);
			path = camelGram;
			sourceTree = "<group>";
		};
/* End PBXGroup section */

/* Begin PBXNativeTarget section */
		CED671DE2AC1C74B0065715D /* camelGram */ = {
			isa = PBXNativeTarget;
			buildConfigurationList = CED671F32AC1C74E0065715D /* Build configuration list for PBXNativeTarget "camelGram" */;
			buildPhases = (
				CED671DB2AC1C74B0065715D /* Sources */,
				CED671DC2AC1C74B0065715D /* Frameworks */,
				CED671DD2AC1C74B0065715D /* Resources */,
			);
			buildRules = (
			);
			dependencies = (
			);
			name = camelGram;
			productName = camelGram;
			productReference = CED671DF2AC1C74B0065715D /* camelGram.app */;
			productType = "com.apple.product-type.application";
		};
/* End PBXNativeTarget section */

/* Begin PBXProject section */
		CED671D72AC1C74B0065715D /* Project object */ = {
			isa = PBXProject;
			attributes = {
				BuildIndependentTargetsInParallel = 1;
				LastSwiftUpdateCheck = 1430;
				LastUpgradeCheck = 1430;
				TargetAttributes = {
					CED671DE2AC1C74B0065715D = {
						CreatedOnToolsVersion = 14.3;
					};
				};
			};
			buildConfigurationList = CED671DA2AC1C74B0065715D /* Build configuration list for PBXProject "camelGram" */;
			compatibilityVersion = "Xcode 14.0";
			developmentRegion = en;
			hasScannedForEncodings = 0;
			knownRegions = (
				en,
				Base,
			);
			mainGroup = CED671D62AC1C74B0065715D;
			productRefGroup = CED671E02AC1C74B0065715D /* Products */;
			projectDirPath = "";
			projectRoot = "";
			targets = (
				CED671DE2AC1C74B0065715D /* camelGram */,
			);
		};
/* End PBXProject section */

/* Begin PBXResourcesBuildPhase section */
		CED671DD2AC1C74B0065715D /* Resources */ = {
			isa = PBXResourcesBuildPhase;
			buildActionMask = 2147483647;
			files = (
				CED671EF2AC1C74E0065715D /* LaunchScreen.storyboard in Resources */,
				CE6535502B10493B007B076D /* SF Pro Display-Regular.ttf in Resources */,
				CED671EC2AC1C74E0065715D /* Assets.xcassets in Resources */,
				CE6535532B10493B007B076D /* SF Pro Display-Bold.ttf in Resources */,
				CE6535522B10493B007B076D /* LaunchScreen.storyboard in Resources */,
				CE6535552B10493B007B076D /* Main.storyboard in Resources */,
				CE6535542B10493B007B076D /* Assets.xcassets in Resources */,
				CE6535512B10493B007B076D /* Assets.xcassets in Resources */,
			);
			runOnlyForDeploymentPostprocessing = 0;
		};
/* End PBXResourcesBuildPhase section */

/* Begin PBXSourcesBuildPhase section */
		CED671DB2AC1C74B0065715D /* Sources */ = {
			isa = PBXSourcesBuildPhase;
			buildActionMask = 2147483647;
			files = (
				CE65354D2B10493B007B076D /* OAuth2TokenStorage.swift in Sources */,
				CE6535582B10493B007B076D /* Constants.swift in Sources */,
				CE65354A2B10493B007B076D /* SingleImageViewController.swift in Sources */,
				CE6535462B10493B007B076D /* ImagesListViewController.swift in Sources */,
				CE65354C2B10493B007B076D /* OAuthTokenResponseBody.swift in Sources */,
				CE6535592B10493B007B076D /* UIColor+Extensions.swift in Sources */,
				CE65354E2B10493B007B076D /* AuthViewController.swift in Sources */,
				CE6535472B10493B007B076D /* ImagesListCell.swift in Sources */,
				CE65354F2B10493B007B076D /* WebViewController.swift in Sources */,
				CE6535562B10493B007B076D /* ProfileViewController.swift in Sources */,
				CE65354B2B10493B007B076D /* OAuth2Service.swift in Sources */,
				CE6535492B10493B007B076D /* SplashViewController.swift in Sources */,
			);
			runOnlyForDeploymentPostprocessing = 0;
		};
/* End PBXSourcesBuildPhase section */

/* Begin PBXVariantGroup section */
		CE6535382B10493B007B076D /* LaunchScreen.storyboard */ = {
			isa = PBXVariantGroup;
			children = (
				CE6535392B10493B007B076D /* Base */,
			);
			name = LaunchScreen.storyboard;
			sourceTree = "<group>";
		};
		CE65353C2B10493B007B076D /* Main.storyboard */ = {
			isa = PBXVariantGroup;
			children = (
				CE65353D2B10493B007B076D /* Base */,
			);
			name = Main.storyboard;
			sourceTree = "<group>";
		};
		CED671ED2AC1C74E0065715D /* LaunchScreen.storyboard */ = {
			isa = PBXVariantGroup;
			children = (
				CED671EE2AC1C74E0065715D /* Base */,
			);
			name = LaunchScreen.storyboard;
			sourceTree = "<group>";
		};
/* End PBXVariantGroup section */

/* Begin XCBuildConfiguration section */
		CED671F12AC1C74E0065715D /* Debug */ = {
			isa = XCBuildConfiguration;
			buildSettings = {
				ALWAYS_SEARCH_USER_PATHS = NO;
				CLANG_ANALYZER_NONNULL = YES;
				CLANG_ANALYZER_NUMBER_OBJECT_CONVERSION = YES_AGGRESSIVE;
				CLANG_CXX_LANGUAGE_STANDARD = "gnu++20";
				CLANG_ENABLE_MODULES = YES;
				CLANG_ENABLE_OBJC_ARC = YES;
				CLANG_ENABLE_OBJC_WEAK = YES;
				CLANG_WARN_BLOCK_CAPTURE_AUTORELEASING = YES;
				CLANG_WARN_BOOL_CONVERSION = YES;
				CLANG_WARN_COMMA = YES;
				CLANG_WARN_CONSTANT_CONVERSION = YES;
				CLANG_WARN_DEPRECATED_OBJC_IMPLEMENTATIONS = YES;
				CLANG_WARN_DIRECT_OBJC_ISA_USAGE = YES_ERROR;
				CLANG_WARN_DOCUMENTATION_COMMENTS = YES;
				CLANG_WARN_EMPTY_BODY = YES;
				CLANG_WARN_ENUM_CONVERSION = YES;
				CLANG_WARN_INFINITE_RECURSION = YES;
				CLANG_WARN_INT_CONVERSION = YES;
				CLANG_WARN_NON_LITERAL_NULL_CONVERSION = YES;
				CLANG_WARN_OBJC_IMPLICIT_RETAIN_SELF = YES;
				CLANG_WARN_OBJC_LITERAL_CONVERSION = YES;
				CLANG_WARN_OBJC_ROOT_CLASS = YES_ERROR;
				CLANG_WARN_QUOTED_INCLUDE_IN_FRAMEWORK_HEADER = YES;
				CLANG_WARN_RANGE_LOOP_ANALYSIS = YES;
				CLANG_WARN_STRICT_PROTOTYPES = YES;
				CLANG_WARN_SUSPICIOUS_MOVE = YES;
				CLANG_WARN_UNGUARDED_AVAILABILITY = YES_AGGRESSIVE;
				CLANG_WARN_UNREACHABLE_CODE = YES;
				CLANG_WARN__DUPLICATE_METHOD_MATCH = YES;
				COPY_PHASE_STRIP = NO;
				DEBUG_INFORMATION_FORMAT = dwarf;
				ENABLE_STRICT_OBJC_MSGSEND = YES;
				ENABLE_TESTABILITY = YES;
				GCC_C_LANGUAGE_STANDARD = gnu11;
				GCC_DYNAMIC_NO_PIC = NO;
				GCC_NO_COMMON_BLOCKS = YES;
				GCC_OPTIMIZATION_LEVEL = 0;
				GCC_PREPROCESSOR_DEFINITIONS = (
					"DEBUG=1",
					"$(inherited)",
				);
				GCC_WARN_64_TO_32_BIT_CONVERSION = YES;
				GCC_WARN_ABOUT_RETURN_TYPE = YES_ERROR;
				GCC_WARN_UNDECLARED_SELECTOR = YES;
				GCC_WARN_UNINITIALIZED_AUTOS = YES_AGGRESSIVE;
				GCC_WARN_UNUSED_FUNCTION = YES;
				GCC_WARN_UNUSED_VARIABLE = YES;
				IPHONEOS_DEPLOYMENT_TARGET = 16.4;
				MTL_ENABLE_DEBUG_INFO = INCLUDE_SOURCE;
				MTL_FAST_MATH = YES;
				ONLY_ACTIVE_ARCH = YES;
				SDKROOT = iphoneos;
				SWIFT_ACTIVE_COMPILATION_CONDITIONS = DEBUG;
				SWIFT_OPTIMIZATION_LEVEL = "-Onone";
			};
			name = Debug;
		};
		CED671F22AC1C74E0065715D /* Release */ = {
			isa = XCBuildConfiguration;
			buildSettings = {
				ALWAYS_SEARCH_USER_PATHS = NO;
				CLANG_ANALYZER_NONNULL = YES;
				CLANG_ANALYZER_NUMBER_OBJECT_CONVERSION = YES_AGGRESSIVE;
				CLANG_CXX_LANGUAGE_STANDARD = "gnu++20";
				CLANG_ENABLE_MODULES = YES;
				CLANG_ENABLE_OBJC_ARC = YES;
				CLANG_ENABLE_OBJC_WEAK = YES;
				CLANG_WARN_BLOCK_CAPTURE_AUTORELEASING = YES;
				CLANG_WARN_BOOL_CONVERSION = YES;
				CLANG_WARN_COMMA = YES;
				CLANG_WARN_CONSTANT_CONVERSION = YES;
				CLANG_WARN_DEPRECATED_OBJC_IMPLEMENTATIONS = YES;
				CLANG_WARN_DIRECT_OBJC_ISA_USAGE = YES_ERROR;
				CLANG_WARN_DOCUMENTATION_COMMENTS = YES;
				CLANG_WARN_EMPTY_BODY = YES;
				CLANG_WARN_ENUM_CONVERSION = YES;
				CLANG_WARN_INFINITE_RECURSION = YES;
				CLANG_WARN_INT_CONVERSION = YES;
				CLANG_WARN_NON_LITERAL_NULL_CONVERSION = YES;
				CLANG_WARN_OBJC_IMPLICIT_RETAIN_SELF = YES;
				CLANG_WARN_OBJC_LITERAL_CONVERSION = YES;
				CLANG_WARN_OBJC_ROOT_CLASS = YES_ERROR;
				CLANG_WARN_QUOTED_INCLUDE_IN_FRAMEWORK_HEADER = YES;
				CLANG_WARN_RANGE_LOOP_ANALYSIS = YES;
				CLANG_WARN_STRICT_PROTOTYPES = YES;
				CLANG_WARN_SUSPICIOUS_MOVE = YES;
				CLANG_WARN_UNGUARDED_AVAILABILITY = YES_AGGRESSIVE;
				CLANG_WARN_UNREACHABLE_CODE = YES;
				CLANG_WARN__DUPLICATE_METHOD_MATCH = YES;
				COPY_PHASE_STRIP = NO;
				DEBUG_INFORMATION_FORMAT = "dwarf-with-dsym";
				ENABLE_NS_ASSERTIONS = NO;
				ENABLE_STRICT_OBJC_MSGSEND = YES;
				GCC_C_LANGUAGE_STANDARD = gnu11;
				GCC_NO_COMMON_BLOCKS = YES;
				GCC_WARN_64_TO_32_BIT_CONVERSION = YES;
				GCC_WARN_ABOUT_RETURN_TYPE = YES_ERROR;
				GCC_WARN_UNDECLARED_SELECTOR = YES;
				GCC_WARN_UNINITIALIZED_AUTOS = YES_AGGRESSIVE;
				GCC_WARN_UNUSED_FUNCTION = YES;
				GCC_WARN_UNUSED_VARIABLE = YES;
				IPHONEOS_DEPLOYMENT_TARGET = 16.4;
				MTL_ENABLE_DEBUG_INFO = NO;
				MTL_FAST_MATH = YES;
				SDKROOT = iphoneos;
				SWIFT_COMPILATION_MODE = wholemodule;
				SWIFT_OPTIMIZATION_LEVEL = "-O";
				VALIDATE_PRODUCT = YES;
			};
			name = Release;
		};
		CED671F42AC1C74E0065715D /* Debug */ = {
			isa = XCBuildConfiguration;
			buildSettings = {
				ASSETCATALOG_COMPILER_APPICON_NAME = AppIcon;
				ASSETCATALOG_COMPILER_GLOBAL_ACCENT_COLOR_NAME = AccentColor;
				CODE_SIGN_STYLE = Automatic;
				CURRENT_PROJECT_VERSION = 1;
				DEVELOPMENT_TEAM = A3F35P5AJB;
				GENERATE_INFOPLIST_FILE = YES;
				INFOPLIST_FILE = camelGram/Info.plist;
				INFOPLIST_KEY_UIApplicationSupportsIndirectInputEvents = YES;
				INFOPLIST_KEY_UILaunchStoryboardName = LaunchScreen;
				INFOPLIST_KEY_UIMainStoryboardFile = Main;
				INFOPLIST_KEY_UISupportedInterfaceOrientations_iPad = "UIInterfaceOrientationPortrait UIInterfaceOrientationPortraitUpsideDown UIInterfaceOrientationLandscapeLeft UIInterfaceOrientationLandscapeRight";
				INFOPLIST_KEY_UISupportedInterfaceOrientations_iPhone = UIInterfaceOrientationPortrait;
				IPHONEOS_DEPLOYMENT_TARGET = 13.0;
				LD_RUNPATH_SEARCH_PATHS = (
					"$(inherited)",
					"@executable_path/Frameworks",
				);
				MARKETING_VERSION = 1.0;
				PRODUCT_BUNDLE_IDENTIFIER = ru.goonter.camelGram;
				PRODUCT_NAME = "$(TARGET_NAME)";
				SUPPORTED_PLATFORMS = "iphoneos iphonesimulator";
				SUPPORTS_MACCATALYST = NO;
				SUPPORTS_MAC_DESIGNED_FOR_IPHONE_IPAD = YES;
				SWIFT_EMIT_LOC_STRINGS = YES;
				SWIFT_VERSION = 5.0;
				TARGETED_DEVICE_FAMILY = 1;
			};
			name = Debug;
		};
		CED671F52AC1C74E0065715D /* Release */ = {
			isa = XCBuildConfiguration;
			buildSettings = {
				ASSETCATALOG_COMPILER_APPICON_NAME = AppIcon;
				ASSETCATALOG_COMPILER_GLOBAL_ACCENT_COLOR_NAME = AccentColor;
				CODE_SIGN_STYLE = Automatic;
				CURRENT_PROJECT_VERSION = 1;
				DEVELOPMENT_TEAM = A3F35P5AJB;
				GENERATE_INFOPLIST_FILE = YES;
				INFOPLIST_FILE = camelGram/Info.plist;
				INFOPLIST_KEY_UIApplicationSupportsIndirectInputEvents = YES;
				INFOPLIST_KEY_UILaunchStoryboardName = LaunchScreen;
				INFOPLIST_KEY_UIMainStoryboardFile = Main;
				INFOPLIST_KEY_UISupportedInterfaceOrientations_iPad = "UIInterfaceOrientationPortrait UIInterfaceOrientationPortraitUpsideDown UIInterfaceOrientationLandscapeLeft UIInterfaceOrientationLandscapeRight";
				INFOPLIST_KEY_UISupportedInterfaceOrientations_iPhone = UIInterfaceOrientationPortrait;
				IPHONEOS_DEPLOYMENT_TARGET = 13.0;
				LD_RUNPATH_SEARCH_PATHS = (
					"$(inherited)",
					"@executable_path/Frameworks",
				);
				MARKETING_VERSION = 1.0;
				PRODUCT_BUNDLE_IDENTIFIER = ru.goonter.camelGram;
				PRODUCT_NAME = "$(TARGET_NAME)";
				SUPPORTED_PLATFORMS = "iphoneos iphonesimulator";
				SUPPORTS_MACCATALYST = NO;
				SUPPORTS_MAC_DESIGNED_FOR_IPHONE_IPAD = YES;
				SWIFT_EMIT_LOC_STRINGS = YES;
				SWIFT_VERSION = 5.0;
				TARGETED_DEVICE_FAMILY = 1;
			};
			name = Release;
		};
/* End XCBuildConfiguration section */

/* Begin XCConfigurationList section */
		CED671DA2AC1C74B0065715D /* Build configuration list for PBXProject "camelGram" */ = {
			isa = XCConfigurationList;
			buildConfigurations = (
				CED671F12AC1C74E0065715D /* Debug */,
				CED671F22AC1C74E0065715D /* Release */,
			);
			defaultConfigurationIsVisible = 0;
			defaultConfigurationName = Release;
		};
		CED671F32AC1C74E0065715D /* Build configuration list for PBXNativeTarget "camelGram" */ = {
			isa = XCConfigurationList;
			buildConfigurations = (
				CED671F42AC1C74E0065715D /* Debug */,
				CED671F52AC1C74E0065715D /* Release */,
			);
			defaultConfigurationIsVisible = 0;
			defaultConfigurationName = Release;
		};
/* End XCConfigurationList section */
	};
	rootObject = CED671D72AC1C74B0065715D /* Project object */;
}
